
Microsoft Visual Studio Solution File, Format Version 12.00
# Visual Studio 15
VisualStudioVersion = 15.0.27004.2009
MinimumVisualStudioVersion = 10.0.40219.1
Project("{FAE04EC0-301F-11D3-BF4B-00C04F79EFBC}") = "BusinessLogic", "BusinessLogic\BusinessLogic.csproj", "{406316FA-096B-4BC5-8D21-84474A85487C}"
EndProject
Project("{FAE04EC0-301F-11D3-BF4B-00C04F79EFBC}") = "AccessData", "AccessData\AccessData.csproj", "{986E8198-9C4E-4E17-BC79-FE83E43CBF15}"
EndProject
Project("{FAE04EC0-301F-11D3-BF4B-00C04F79EFBC}") = "BusinessEntity", "BusinessEntity\BusinessEntity.csproj", "{0F2E1255-EAE6-43BF-813F-2A25DFEA858C}"
EndProject
Project("{2150E333-8FDC-42A3-9474-1A3956D46DE8}") = "BackEnd", "BackEnd", "{EF23EBBA-89B7-4683-B7C4-D97E87D8CD03}"
EndProject
Project("{2150E333-8FDC-42A3-9474-1A3956D46DE8}") = "Negocio", "Negocio", "{37B48D14-DCD4-4B5D-B996-647A3B7D2275}"
EndProject
Project("{2150E333-8FDC-42A3-9474-1A3956D46DE8}") = "Repositorio", "Repositorio", "{6E550195-694A-49EA-AB54-7545AA8F334C}"
EndProject
Project("{2150E333-8FDC-42A3-9474-1A3956D46DE8}") = "Transversal", "Transversal", "{73B7F3FC-B503-4670-B9F9-CF6258C5B16D}"
EndProject
Project("{2150E333-8FDC-42A3-9474-1A3956D46DE8}") = "FrontEnd", "FrontEnd", "{33FD6FB2-92B1-480F-810D-36092B581E02}"
EndProject
Project("{FAE04EC0-301F-11D3-BF4B-00C04F79EFBC}") = "WebAnuncio", "WebAnuncio\WebAnuncio.csproj", "{8229A01C-E69A-4C44-B4DA-6822D9E96DF6}"
EndProject
Project("{FAE04EC0-301F-11D3-BF4B-00C04F79EFBC}") = "Communities", "Communities\Communities.csproj", "{63D90465-0C85-43EE-8383-71E537219D8F}"
EndProject
Project("{2150E333-8FDC-42A3-9474-1A3956D46DE8}") = "Test", "Test", "{AAAE4318-1058-4FBB-9EDB-D57427ED6870}"
EndProject
Global
	GlobalSection(SolutionConfigurationPlatforms) = preSolution
		Debug|Any CPU = Debug|Any CPU
		Release|Any CPU = Release|Any CPU
	EndGlobalSection
	GlobalSection(ProjectConfigurationPlatforms) = postSolution
		{406316FA-096B-4BC5-8D21-84474A85487C}.Debug|Any CPU.ActiveCfg = Debug|Any CPU
		{406316FA-096B-4BC5-8D21-84474A85487C}.Debug|Any CPU.Build.0 = Debug|Any CPU
		{406316FA-096B-4BC5-8D21-84474A85487C}.Release|Any CPU.ActiveCfg = Release|Any CPU
		{406316FA-096B-4BC5-8D21-84474A85487C}.Release|Any CPU.Build.0 = Release|Any CPU
		{986E8198-9C4E-4E17-BC79-FE83E43CBF15}.Debug|Any CPU.ActiveCfg = Debug|Any CPU
		{986E8198-9C4E-4E17-BC79-FE83E43CBF15}.Debug|Any CPU.Build.0 = Debug|Any CPU
		{986E8198-9C4E-4E17-BC79-FE83E43CBF15}.Release|Any CPU.ActiveCfg = Release|Any CPU
		{986E8198-9C4E-4E17-BC79-FE83E43CBF15}.Release|Any CPU.Build.0 = Release|Any CPU
		{0F2E1255-EAE6-43BF-813F-2A25DFEA858C}.Debug|Any CPU.ActiveCfg = Debug|Any CPU
		{0F2E1255-EAE6-43BF-813F-2A25DFEA858C}.Debug|Any CPU.Build.0 = Debug|Any CPU
		{0F2E1255-EAE6-43BF-813F-2A25DFEA858C}.Release|Any CPU.ActiveCfg = Release|Any CPU
		{0F2E1255-EAE6-43BF-813F-2A25DFEA858C}.Release|Any CPU.Build.0 = Release|Any CPU
		{8229A01C-E69A-4C44-B4DA-6822D9E96DF6}.Debug|Any CPU.ActiveCfg = Debug|Any CPU
		{8229A01C-E69A-4C44-B4DA-6822D9E96DF6}.Debug|Any CPU.Build.0 = Debug|Any CPU
		{8229A01C-E69A-4C44-B4DA-6822D9E96DF6}.Release|Any CPU.ActiveCfg = Release|Any CPU
		{8229A01C-E69A-4C44-B4DA-6822D9E96DF6}.Release|Any CPU.Build.0 = Release|Any CPU
		{63D90465-0C85-43EE-8383-71E537219D8F}.Debug|Any CPU.ActiveCfg = Debug|Any CPU
		{63D90465-0C85-43EE-8383-71E537219D8F}.Debug|Any CPU.Build.0 = Debug|Any CPU
		{63D90465-0C85-43EE-8383-71E537219D8F}.Release|Any CPU.ActiveCfg = Release|Any CPU
		{63D90465-0C85-43EE-8383-71E537219D8F}.Release|Any CPU.Build.0 = Release|Any CPU
	EndGlobalSection
	GlobalSection(SolutionProperties) = preSolution
		HideSolutionNode = FALSE
	EndGlobalSection
	GlobalSection(NestedProjects) = preSolution
		{406316FA-096B-4BC5-8D21-84474A85487C} = {37B48D14-DCD4-4B5D-B996-647A3B7D2275}
		{986E8198-9C4E-4E17-BC79-FE83E43CBF15} = {6E550195-694A-49EA-AB54-7545AA8F334C}
		{0F2E1255-EAE6-43BF-813F-2A25DFEA858C} = {37B48D14-DCD4-4B5D-B996-647A3B7D2275}
		{37B48D14-DCD4-4B5D-B996-647A3B7D2275} = {EF23EBBA-89B7-4683-B7C4-D97E87D8CD03}
		{6E550195-694A-49EA-AB54-7545AA8F334C} = {EF23EBBA-89B7-4683-B7C4-D97E87D8CD03}
		{73B7F3FC-B503-4670-B9F9-CF6258C5B16D} = {EF23EBBA-89B7-4683-B7C4-D97E87D8CD03}
		{8229A01C-E69A-4C44-B4DA-6822D9E96DF6} = {33FD6FB2-92B1-480F-810D-36092B581E02}
		{63D90465-0C85-43EE-8383-71E537219D8F} = {73B7F3FC-B503-4670-B9F9-CF6258C5B16D}
	EndGlobalSection
	GlobalSection(ExtensibilityGlobals) = postSolution
		SolutionGuid = {31DAA170-C785-4BCD-8B2D-DA8C0F6793BC}
	EndGlobalSection
EndGlobal
